
Microsoft Visual Studio Solution File, Format Version 12.00
# Visual Studio Version 17
VisualStudioVersion = 17.3.32819.101
MinimumVisualStudioVersion = 10.0.40219.1
Project("{FAE04EC0-301F-11D3-BF4B-00C04F79EFBC}") = "uri_1019", "uri_1019\uri_1019.csproj", "{94BFF241-7E0C-4F68-B02E-DD5702087B63}"
EndProject
Global
	GlobalSection(SolutionConfigurationPlatforms) = preSolution
		Debug|Any CPU = Debug|Any CPU
		Release|Any CPU = Release|Any CPU
	EndGlobalSection
	GlobalSection(ProjectConfigurationPlatforms) = postSolution
		{94BFF241-7E0C-4F68-B02E-DD5702087B63}.Debug|Any CPU.ActiveCfg = Debug|Any CPU
		{94BFF241-7E0C-4F68-B02E-DD5702087B63}.Debug|Any CPU.Build.0 = Debug|Any CPU
		{94BFF241-7E0C-4F68-B02E-DD5702087B63}.Release|Any CPU.ActiveCfg = Release|Any CPU
		{94BFF241-7E0C-4F68-B02E-DD5702087B63}.Release|Any CPU.Build.0 = Release|Any CPU
	EndGlobalSection
	GlobalSection(SolutionProperties) = preSolution
		HideSolutionNode = FALSE
	EndGlobalSection
	GlobalSection(ExtensibilityGlobals) = postSolution
		SolutionGuid = {930F10C5-B9B8-40DC-915A-719D84DE4002}
	EndGlobalSection
EndGlobal
