
Microsoft Visual Studio Solution File, Format Version 12.00
# Visual Studio Version 17
VisualStudioVersion = 17.3.32819.101
MinimumVisualStudioVersion = 10.0.40219.1
Project("{FAE04EC0-301F-11D3-BF4B-00C04F79EFBC}") = "uri_1006", "uri_1006\uri_1006.csproj", "{D899170C-ACA7-4033-A7E2-02C6C99F3444}"
EndProject
Global
	GlobalSection(SolutionConfigurationPlatforms) = preSolution
		Debug|Any CPU = Debug|Any CPU
		Release|Any CPU = Release|Any CPU
	EndGlobalSection
	GlobalSection(ProjectConfigurationPlatforms) = postSolution
		{D899170C-ACA7-4033-A7E2-02C6C99F3444}.Debug|Any CPU.ActiveCfg = Debug|Any CPU
		{D899170C-ACA7-4033-A7E2-02C6C99F3444}.Debug|Any CPU.Build.0 = Debug|Any CPU
		{D899170C-ACA7-4033-A7E2-02C6C99F3444}.Release|Any CPU.ActiveCfg = Release|Any CPU
		{D899170C-ACA7-4033-A7E2-02C6C99F3444}.Release|Any CPU.Build.0 = Release|Any CPU
	EndGlobalSection
	GlobalSection(SolutionProperties) = preSolution
		HideSolutionNode = FALSE
	EndGlobalSection
	GlobalSection(ExtensibilityGlobals) = postSolution
		SolutionGuid = {D91CF574-223D-4411-97C6-653CF33F310F}
	EndGlobalSection
EndGlobal
