
Microsoft Visual Studio Solution File, Format Version 12.00
# Visual Studio Version 17
VisualStudioVersion = 17.3.32929.385
MinimumVisualStudioVersion = 10.0.40219.1
Project("{FAE04EC0-301F-11D3-BF4B-00C04F79EFBC}") = "uri_1045", "uri_1045\uri_1045.csproj", "{EE167D03-29E4-4341-9946-E0647101B967}"
EndProject
Global
	GlobalSection(SolutionConfigurationPlatforms) = preSolution
		Debug|Any CPU = Debug|Any CPU
		Release|Any CPU = Release|Any CPU
	EndGlobalSection
	GlobalSection(ProjectConfigurationPlatforms) = postSolution
		{EE167D03-29E4-4341-9946-E0647101B967}.Debug|Any CPU.ActiveCfg = Debug|Any CPU
		{EE167D03-29E4-4341-9946-E0647101B967}.Debug|Any CPU.Build.0 = Debug|Any CPU
		{EE167D03-29E4-4341-9946-E0647101B967}.Release|Any CPU.ActiveCfg = Release|Any CPU
		{EE167D03-29E4-4341-9946-E0647101B967}.Release|Any CPU.Build.0 = Release|Any CPU
	EndGlobalSection
	GlobalSection(SolutionProperties) = preSolution
		HideSolutionNode = FALSE
	EndGlobalSection
	GlobalSection(ExtensibilityGlobals) = postSolution
		SolutionGuid = {2C531914-12E3-48D5-BB66-9B17DD01973C}
	EndGlobalSection
EndGlobal
