
Microsoft Visual Studio Solution File, Format Version 12.00
# Visual Studio Version 17
VisualStudioVersion = 17.3.32819.101
MinimumVisualStudioVersion = 10.0.40219.1
Project("{FAE04EC0-301F-11D3-BF4B-00C04F79EFBC}") = "uir_1016", "uir_1016\uir_1016.csproj", "{79A5F2C7-DC62-4951-AF10-5930EA04CDCA}"
EndProject
Global
	GlobalSection(SolutionConfigurationPlatforms) = preSolution
		Debug|Any CPU = Debug|Any CPU
		Release|Any CPU = Release|Any CPU
	EndGlobalSection
	GlobalSection(ProjectConfigurationPlatforms) = postSolution
		{79A5F2C7-DC62-4951-AF10-5930EA04CDCA}.Debug|Any CPU.ActiveCfg = Debug|Any CPU
		{79A5F2C7-DC62-4951-AF10-5930EA04CDCA}.Debug|Any CPU.Build.0 = Debug|Any CPU
		{79A5F2C7-DC62-4951-AF10-5930EA04CDCA}.Release|Any CPU.ActiveCfg = Release|Any CPU
		{79A5F2C7-DC62-4951-AF10-5930EA04CDCA}.Release|Any CPU.Build.0 = Release|Any CPU
	EndGlobalSection
	GlobalSection(SolutionProperties) = preSolution
		HideSolutionNode = FALSE
	EndGlobalSection
	GlobalSection(ExtensibilityGlobals) = postSolution
		SolutionGuid = {8A24678C-0313-4EFF-BC47-FA9AAAE4E993}
	EndGlobalSection
EndGlobal
