
Microsoft Visual Studio Solution File, Format Version 12.00
# Visual Studio Version 17
VisualStudioVersion = 17.3.32819.101
MinimumVisualStudioVersion = 10.0.40219.1
Project("{FAE04EC0-301F-11D3-BF4B-00C04F79EFBC}") = "uri_1017", "uri_1017\uri_1017.csproj", "{46838BD7-9605-4BFF-9928-5B45DA82BFF5}"
EndProject
Global
	GlobalSection(SolutionConfigurationPlatforms) = preSolution
		Debug|Any CPU = Debug|Any CPU
		Release|Any CPU = Release|Any CPU
	EndGlobalSection
	GlobalSection(ProjectConfigurationPlatforms) = postSolution
		{46838BD7-9605-4BFF-9928-5B45DA82BFF5}.Debug|Any CPU.ActiveCfg = Debug|Any CPU
		{46838BD7-9605-4BFF-9928-5B45DA82BFF5}.Debug|Any CPU.Build.0 = Debug|Any CPU
		{46838BD7-9605-4BFF-9928-5B45DA82BFF5}.Release|Any CPU.ActiveCfg = Release|Any CPU
		{46838BD7-9605-4BFF-9928-5B45DA82BFF5}.Release|Any CPU.Build.0 = Release|Any CPU
	EndGlobalSection
	GlobalSection(SolutionProperties) = preSolution
		HideSolutionNode = FALSE
	EndGlobalSection
	GlobalSection(ExtensibilityGlobals) = postSolution
		SolutionGuid = {989C7A84-964E-4036-86B8-865882C2A7AF}
	EndGlobalSection
EndGlobal
