
Microsoft Visual Studio Solution File, Format Version 12.00
# Visual Studio Version 17
VisualStudioVersion = 17.3.32819.101
MinimumVisualStudioVersion = 10.0.40219.1
Project("{FAE04EC0-301F-11D3-BF4B-00C04F79EFBC}") = "uri_1002", "uri_1002\uri_1002.csproj", "{8B956F61-9592-4D55-BFB5-BD1586844F8D}"
EndProject
Global
	GlobalSection(SolutionConfigurationPlatforms) = preSolution
		Debug|Any CPU = Debug|Any CPU
		Release|Any CPU = Release|Any CPU
	EndGlobalSection
	GlobalSection(ProjectConfigurationPlatforms) = postSolution
		{8B956F61-9592-4D55-BFB5-BD1586844F8D}.Debug|Any CPU.ActiveCfg = Debug|Any CPU
		{8B956F61-9592-4D55-BFB5-BD1586844F8D}.Debug|Any CPU.Build.0 = Debug|Any CPU
		{8B956F61-9592-4D55-BFB5-BD1586844F8D}.Release|Any CPU.ActiveCfg = Release|Any CPU
		{8B956F61-9592-4D55-BFB5-BD1586844F8D}.Release|Any CPU.Build.0 = Release|Any CPU
	EndGlobalSection
	GlobalSection(SolutionProperties) = preSolution
		HideSolutionNode = FALSE
	EndGlobalSection
	GlobalSection(ExtensibilityGlobals) = postSolution
		SolutionGuid = {FE90B620-C091-4586-AB4B-A28D18864559}
	EndGlobalSection
EndGlobal
