
Microsoft Visual Studio Solution File, Format Version 12.00
# Visual Studio Version 17
VisualStudioVersion = 17.3.32819.101
MinimumVisualStudioVersion = 10.0.40219.1
Project("{FAE04EC0-301F-11D3-BF4B-00C04F79EFBC}") = "uri_1005", "uri_1005\uri_1005.csproj", "{A38813DC-840F-4EF9-8BD8-8323A15FA450}"
EndProject
Global
	GlobalSection(SolutionConfigurationPlatforms) = preSolution
		Debug|Any CPU = Debug|Any CPU
		Release|Any CPU = Release|Any CPU
	EndGlobalSection
	GlobalSection(ProjectConfigurationPlatforms) = postSolution
		{A38813DC-840F-4EF9-8BD8-8323A15FA450}.Debug|Any CPU.ActiveCfg = Debug|Any CPU
		{A38813DC-840F-4EF9-8BD8-8323A15FA450}.Debug|Any CPU.Build.0 = Debug|Any CPU
		{A38813DC-840F-4EF9-8BD8-8323A15FA450}.Release|Any CPU.ActiveCfg = Release|Any CPU
		{A38813DC-840F-4EF9-8BD8-8323A15FA450}.Release|Any CPU.Build.0 = Release|Any CPU
	EndGlobalSection
	GlobalSection(SolutionProperties) = preSolution
		HideSolutionNode = FALSE
	EndGlobalSection
	GlobalSection(ExtensibilityGlobals) = postSolution
		SolutionGuid = {DC7A649D-18D0-457F-9422-5A2F32DAC310}
	EndGlobalSection
EndGlobal
