
Microsoft Visual Studio Solution File, Format Version 12.00
# Visual Studio Version 17
VisualStudioVersion = 17.3.32819.101
MinimumVisualStudioVersion = 10.0.40219.1
Project("{FAE04EC0-301F-11D3-BF4B-00C04F79EFBC}") = "uri_1018", "uri_1018\uri_1018.csproj", "{0A8AF5CC-CA95-48E2-8761-F43465ED2427}"
EndProject
Global
	GlobalSection(SolutionConfigurationPlatforms) = preSolution
		Debug|Any CPU = Debug|Any CPU
		Release|Any CPU = Release|Any CPU
	EndGlobalSection
	GlobalSection(ProjectConfigurationPlatforms) = postSolution
		{0A8AF5CC-CA95-48E2-8761-F43465ED2427}.Debug|Any CPU.ActiveCfg = Debug|Any CPU
		{0A8AF5CC-CA95-48E2-8761-F43465ED2427}.Debug|Any CPU.Build.0 = Debug|Any CPU
		{0A8AF5CC-CA95-48E2-8761-F43465ED2427}.Release|Any CPU.ActiveCfg = Release|Any CPU
		{0A8AF5CC-CA95-48E2-8761-F43465ED2427}.Release|Any CPU.Build.0 = Release|Any CPU
	EndGlobalSection
	GlobalSection(SolutionProperties) = preSolution
		HideSolutionNode = FALSE
	EndGlobalSection
	GlobalSection(ExtensibilityGlobals) = postSolution
		SolutionGuid = {5C573E39-6B92-46E2-B098-B35D3481B876}
	EndGlobalSection
EndGlobal
